
Microsoft Visual Studio Solution File, Format Version 12.00
# Visual Studio Version 17
VisualStudioVersion = 17.2.32519.379
MinimumVisualStudioVersion = 10.0.40219.1
Project("{FAE04EC0-301F-11D3-BF4B-00C04F79EFBC}") = "StackOverflowPostRefined", "StackOverflowPostRefined\StackOverflowPostRefined.csproj", "{679B2402-3F60-44D0-8CE2-1270F1B4DE7B}"
EndProject
Global
	GlobalSection(SolutionConfigurationPlatforms) = preSolution
		Debug|Any CPU = Debug|Any CPU
		Release|Any CPU = Release|Any CPU
	EndGlobalSection
	GlobalSection(ProjectConfigurationPlatforms) = postSolution
		{679B2402-3F60-44D0-8CE2-1270F1B4DE7B}.Debug|Any CPU.ActiveCfg = Debug|Any CPU
		{679B2402-3F60-44D0-8CE2-1270F1B4DE7B}.Debug|Any CPU.Build.0 = Debug|Any CPU
		{679B2402-3F60-44D0-8CE2-1270F1B4DE7B}.Release|Any CPU.ActiveCfg = Release|Any CPU
		{679B2402-3F60-44D0-8CE2-1270F1B4DE7B}.Release|Any CPU.Build.0 = Release|Any CPU
	EndGlobalSection
	GlobalSection(SolutionProperties) = preSolution
		HideSolutionNode = FALSE
	EndGlobalSection
	GlobalSection(ExtensibilityGlobals) = postSolution
		SolutionGuid = {AC2B6504-2B4C-4635-B7D0-634A40355F82}
	EndGlobalSection
EndGlobal
